// !$*UTF8*$!
{
	archiveVersion = 1;
	classes = {
	};
	objectVersion = 55;
	objects = {

/* Begin PBXBuildFile section */
		43E2F32FF54B61825632A55E /* Pods_last_fm_rewrite_ios.framework in Frameworks */ = {isa = PBXBuildFile; fileRef = 07016D8C72FA006695A08B65 /* Pods_last_fm_rewrite_ios.framework */; };
		9716559027FB15DE00F6180F /* BundleExtensions.swift in Sources */ = {isa = PBXBuildFile; fileRef = 9716558F27FB15DD00F6180F /* BundleExtensions.swift */; };
		971715A9280E0A1F00D46566 /* FavoriteRecordCollectionViewCell.xib in Resources */ = {isa = PBXBuildFile; fileRef = 971715A8280E0A1F00D46566 /* FavoriteRecordCollectionViewCell.xib */; };
		971715AB280E0B8A00D46566 /* FavoriteRecordCollectionViewCell.swift in Sources */ = {isa = PBXBuildFile; fileRef = 971715AA280E0B8A00D46566 /* FavoriteRecordCollectionViewCell.swift */; };
		9720032D27F796F4008D35DD /* BaseViewController.swift in Sources */ = {isa = PBXBuildFile; fileRef = 9720032C27F796F4008D35DD /* BaseViewController.swift */; };
		9720032F27F79716008D35DD /* MainTabBarController.swift in Sources */ = {isa = PBXBuildFile; fileRef = 9720032E27F79716008D35DD /* MainTabBarController.swift */; };
		9720033327F7B2E5008D35DD /* SearchViewController.swift in Sources */ = {isa = PBXBuildFile; fileRef = 9720033227F7B2E5008D35DD /* SearchViewController.swift */; };
		9720033527F7B300008D35DD /* FavoritesViewController.swift in Sources */ = {isa = PBXBuildFile; fileRef = 9720033427F7B300008D35DD /* FavoritesViewController.swift */; };
		9720033727F7B3A2008D35DD /* UIViewControllerExtensions.swift in Sources */ = {isa = PBXBuildFile; fileRef = 9720033627F7B3A2008D35DD /* UIViewControllerExtensions.swift */; };
		9720033D27F7B7B5008D35DD /* Colors.xcassets in Resources */ = {isa = PBXBuildFile; fileRef = 9720033C27F7B7B5008D35DD /* Colors.xcassets */; };
		9720033F27F7B869008D35DD /* ColorTheme.swift in Sources */ = {isa = PBXBuildFile; fileRef = 9720033E27F7B869008D35DD /* ColorTheme.swift */; };
		9720034127F7BE2D008D35DD /* ShadowView.swift in Sources */ = {isa = PBXBuildFile; fileRef = 9720034027F7BE2D008D35DD /* ShadowView.swift */; };
		9720034327F7C085008D35DD /* RecordCollectionViewCell.xib in Resources */ = {isa = PBXBuildFile; fileRef = 9720034227F7C085008D35DD /* RecordCollectionViewCell.xib */; };
		9720034527F7C76E008D35DD /* RecordCollectionViewCell.swift in Sources */ = {isa = PBXBuildFile; fileRef = 9720034427F7C76E008D35DD /* RecordCollectionViewCell.swift */; };
		9720034727F7CB59008D35DD /* UIViewExtensions.swift in Sources */ = {isa = PBXBuildFile; fileRef = 9720034627F7CB59008D35DD /* UIViewExtensions.swift */; };
		9720034927F862CD008D35DD /* CustomLabel.swift in Sources */ = {isa = PBXBuildFile; fileRef = 9720034827F862CD008D35DD /* CustomLabel.swift */; };
		9720035127F89643008D35DD /* Network.swift in Sources */ = {isa = PBXBuildFile; fileRef = 9720035027F89643008D35DD /* Network.swift */; };
		9720035627F89DA3008D35DD /* RecordsResponse.swift in Sources */ = {isa = PBXBuildFile; fileRef = 9720035527F89DA3008D35DD /* RecordsResponse.swift */; };
		9720035827F8BDDC008D35DD /* Record.swift in Sources */ = {isa = PBXBuildFile; fileRef = 9720035727F8BDDC008D35DD /* Record.swift */; };
		9720035A27F8BE08008D35DD /* Artist.swift in Sources */ = {isa = PBXBuildFile; fileRef = 9720035927F8BE08008D35DD /* Artist.swift */; };
		9720035C27F8C3B4008D35DD /* TopRecordsResponse.swift in Sources */ = {isa = PBXBuildFile; fileRef = 9720035B27F8C3B4008D35DD /* TopRecordsResponse.swift */; };
		9720035E27F8C48E008D35DD /* RecordImage.swift in Sources */ = {isa = PBXBuildFile; fileRef = 9720035D27F8C48E008D35DD /* RecordImage.swift */; };
		9720036027FB0ADB008D35DD /* NetworkData.plist in Resources */ = {isa = PBXBuildFile; fileRef = 9720035F27FB0ADB008D35DD /* NetworkData.plist */; };
		9731724C280E354400E74E14 /* EmptyStateHeaderView.swift in Sources */ = {isa = PBXBuildFile; fileRef = 9731724B280E354400E74E14 /* EmptyStateHeaderView.swift */; };
		97317250280EC42F00E74E14 /* RxExtensions.swift in Sources */ = {isa = PBXBuildFile; fileRef = 9731724F280EC42F00E74E14 /* RxExtensions.swift */; };
		97317254280ECFFB00E74E14 /* RecordsOverviewController.swift in Sources */ = {isa = PBXBuildFile; fileRef = 97317253280ECFFB00E74E14 /* RecordsOverviewController.swift */; };
		97452DAB27F6FE6200BBA456 /* AppDelegate.swift in Sources */ = {isa = PBXBuildFile; fileRef = 97452DAA27F6FE6200BBA456 /* AppDelegate.swift */; };
		97452DAD27F6FE6200BBA456 /* SceneDelegate.swift in Sources */ = {isa = PBXBuildFile; fileRef = 97452DAC27F6FE6200BBA456 /* SceneDelegate.swift */; };
		97452DB227F6FE6200BBA456 /* Main.storyboard in Resources */ = {isa = PBXBuildFile; fileRef = 97452DB027F6FE6200BBA456 /* Main.storyboard */; };
		97452DB427F6FE6700BBA456 /* Assets.xcassets in Resources */ = {isa = PBXBuildFile; fileRef = 97452DB327F6FE6700BBA456 /* Assets.xcassets */; };
		97452DB727F6FE6700BBA456 /* LaunchScreen.storyboard in Resources */ = {isa = PBXBuildFile; fileRef = 97452DB527F6FE6700BBA456 /* LaunchScreen.storyboard */; };
		97524A6B2800745900D52178 /* RecordInfoView.swift in Sources */ = {isa = PBXBuildFile; fileRef = 97524A6A2800745900D52178 /* RecordInfoView.swift */; };
		97524A6D28007D0500D52178 /* StringExtensions.swift in Sources */ = {isa = PBXBuildFile; fileRef = 97524A6C28007D0500D52178 /* StringExtensions.swift */; };
		97524A712800A5B500D52178 /* FavoritesDataLoader.swift in Sources */ = {isa = PBXBuildFile; fileRef = 97524A702800A5B500D52178 /* FavoritesDataLoader.swift */; };
		97524A7328036BB700D52178 /* FavoriteItem.swift in Sources */ = {isa = PBXBuildFile; fileRef = 97524A7228036BB700D52178 /* FavoriteItem.swift */; };
		97524A7528039E1600D52178 /* NotificationNameExtensions.swift in Sources */ = {isa = PBXBuildFile; fileRef = 97524A7428039E1600D52178 /* NotificationNameExtensions.swift */; };
		97524A7728039FD100D52178 /* UserDefaultsExtensions.swift in Sources */ = {isa = PBXBuildFile; fileRef = 97524A7628039FD100D52178 /* UserDefaultsExtensions.swift */; };
		975DF3E127FB482D00350744 /* URLExtensions.swift in Sources */ = {isa = PBXBuildFile; fileRef = 975DF3E027FB482D00350744 /* URLExtensions.swift */; };
		975DF3E427FB66F600350744 /* BaseDataLoader.swift in Sources */ = {isa = PBXBuildFile; fileRef = 975DF3E327FB66F600350744 /* BaseDataLoader.swift */; };
		975DF3E627FBAA7100350744 /* RecordDataLoader.swift in Sources */ = {isa = PBXBuildFile; fileRef = 975DF3E527FBAA7100350744 /* RecordDataLoader.swift */; };
		975DF3E827FC5B2500350744 /* LoadingCell.xib in Resources */ = {isa = PBXBuildFile; fileRef = 975DF3E727FC5B2500350744 /* LoadingCell.xib */; };
		975DF3EA27FC5BEE00350744 /* LoadingCell.swift in Sources */ = {isa = PBXBuildFile; fileRef = 975DF3E927FC5BEE00350744 /* LoadingCell.swift */; };
		975DF3EC27FC9A5100350744 /* RecordTag.swift in Sources */ = {isa = PBXBuildFile; fileRef = 975DF3EB27FC9A5100350744 /* RecordTag.swift */; };
		975DF3EF27FCA02C00350744 /* Constans.swift in Sources */ = {isa = PBXBuildFile; fileRef = 975DF3EE27FCA02C00350744 /* Constans.swift */; };
		975DF3F127FCFE8D00350744 /* CollectionExtensions.swift in Sources */ = {isa = PBXBuildFile; fileRef = 975DF3F027FCFE8C00350744 /* CollectionExtensions.swift */; };
		975DF3F327FD086300350744 /* BaseRecordDetailsViewController.swift in Sources */ = {isa = PBXBuildFile; fileRef = 975DF3F227FD086300350744 /* BaseRecordDetailsViewController.swift */; };
		975DF3F527FD09E000350744 /* StrechyImageView.swift in Sources */ = {isa = PBXBuildFile; fileRef = 975DF3F427FD09E000350744 /* StrechyImageView.swift */; };
		975DF3FB27FD96A000350744 /* RecordInfoLabel.swift in Sources */ = {isa = PBXBuildFile; fileRef = 975DF3FA27FD96A000350744 /* RecordInfoLabel.swift */; };
		97C1AE7D27FDB95000B5B637 /* RecordTracksView.xib in Resources */ = {isa = PBXBuildFile; fileRef = 97C1AE7C27FDB95000B5B637 /* RecordTracksView.xib */; };
		97C1AE7F27FDD3A300B5B637 /* RecordTracksView.swift in Sources */ = {isa = PBXBuildFile; fileRef = 97C1AE7E27FDD3A300B5B637 /* RecordTracksView.swift */; };
		97C1AE8127FE5C9600B5B637 /* RecordInfoView.xib in Resources */ = {isa = PBXBuildFile; fileRef = 97C1AE8027FE5C9600B5B637 /* RecordInfoView.xib */; };
		97C1AE8927FF1B0D00B5B637 /* RecordDetailsResponse.swift in Sources */ = {isa = PBXBuildFile; fileRef = 97C1AE8827FF1B0D00B5B637 /* RecordDetailsResponse.swift */; };
		97C1AE8B27FF1BA700B5B637 /* RecordDetail.swift in Sources */ = {isa = PBXBuildFile; fileRef = 97C1AE8A27FF1BA600B5B637 /* RecordDetail.swift */; };
		97C1AE8D27FF89EE00B5B637 /* RecordDetailsDataLoader.swift in Sources */ = {isa = PBXBuildFile; fileRef = 97C1AE8C27FF89ED00B5B637 /* RecordDetailsDataLoader.swift */; };
		97C1AE8F27FF8E9300B5B637 /* RecordDetailsViewController.swift in Sources */ = {isa = PBXBuildFile; fileRef = 97C1AE8E27FF8E9300B5B637 /* RecordDetailsViewController.swift */; };
		97C1AE9127FFC46E00B5B637 /* PrimitiveTypeExtensions.swift in Sources */ = {isa = PBXBuildFile; fileRef = 97C1AE9027FFC46D00B5B637 /* PrimitiveTypeExtensions.swift */; };
		97C1AE9327FFC56800B5B637 /* LoadingView.swift in Sources */ = {isa = PBXBuildFile; fileRef = 97C1AE9227FFC56800B5B637 /* LoadingView.swift */; };
		97E8513C280ED9DB00F5403D /* SearchDataLoader.swift in Sources */ = {isa = PBXBuildFile; fileRef = 97E8513B280ED9DB00F5403D /* SearchDataLoader.swift */; };
		97E8514228105EEE00F5403D /* SarchResultsResponse.swift in Sources */ = {isa = PBXBuildFile; fileRef = 97E8514128105EEE00F5403D /* SarchResultsResponse.swift */; };
		97E8514428106A0700F5403D /* SearchResultCollectionViewCell.swift in Sources */ = {isa = PBXBuildFile; fileRef = 97E8514328106A0700F5403D /* SearchResultCollectionViewCell.swift */; };
		97E851482810AF5500F5403D /* SearchResultCollectionViewCell.xib in Resources */ = {isa = PBXBuildFile; fileRef = 97E851472810AF5500F5403D /* SearchResultCollectionViewCell.xib */; };
/* End PBXBuildFile section */

/* Begin PBXFileReference section */
		07016D8C72FA006695A08B65 /* Pods_last_fm_rewrite_ios.framework */ = {isa = PBXFileReference; explicitFileType = wrapper.framework; includeInIndex = 0; path = Pods_last_fm_rewrite_ios.framework; sourceTree = BUILT_PRODUCTS_DIR; };
		9716558F27FB15DD00F6180F /* BundleExtensions.swift */ = {isa = PBXFileReference; lastKnownFileType = sourcecode.swift; path = BundleExtensions.swift; sourceTree = "<group>"; };
		971715A8280E0A1F00D46566 /* FavoriteRecordCollectionViewCell.xib */ = {isa = PBXFileReference; lastKnownFileType = file.xib; path = FavoriteRecordCollectionViewCell.xib; sourceTree = "<group>"; };
		971715AA280E0B8A00D46566 /* FavoriteRecordCollectionViewCell.swift */ = {isa = PBXFileReference; lastKnownFileType = sourcecode.swift; path = FavoriteRecordCollectionViewCell.swift; sourceTree = "<group>"; };
		9720032C27F796F4008D35DD /* BaseViewController.swift */ = {isa = PBXFileReference; lastKnownFileType = sourcecode.swift; path = BaseViewController.swift; sourceTree = "<group>"; };
		9720032E27F79716008D35DD /* MainTabBarController.swift */ = {isa = PBXFileReference; lastKnownFileType = sourcecode.swift; path = MainTabBarController.swift; sourceTree = "<group>"; };
		9720033227F7B2E5008D35DD /* SearchViewController.swift */ = {isa = PBXFileReference; lastKnownFileType = sourcecode.swift; path = SearchViewController.swift; sourceTree = "<group>"; };
		9720033427F7B300008D35DD /* FavoritesViewController.swift */ = {isa = PBXFileReference; lastKnownFileType = sourcecode.swift; path = FavoritesViewController.swift; sourceTree = "<group>"; };
		9720033627F7B3A2008D35DD /* UIViewControllerExtensions.swift */ = {isa = PBXFileReference; lastKnownFileType = sourcecode.swift; path = UIViewControllerExtensions.swift; sourceTree = "<group>"; };
		9720033C27F7B7B5008D35DD /* Colors.xcassets */ = {isa = PBXFileReference; lastKnownFileType = folder.assetcatalog; path = Colors.xcassets; sourceTree = "<group>"; };
		9720033E27F7B869008D35DD /* ColorTheme.swift */ = {isa = PBXFileReference; lastKnownFileType = sourcecode.swift; path = ColorTheme.swift; sourceTree = "<group>"; };
		9720034027F7BE2D008D35DD /* ShadowView.swift */ = {isa = PBXFileReference; lastKnownFileType = sourcecode.swift; path = ShadowView.swift; sourceTree = "<group>"; };
		9720034227F7C085008D35DD /* RecordCollectionViewCell.xib */ = {isa = PBXFileReference; lastKnownFileType = file.xib; path = RecordCollectionViewCell.xib; sourceTree = "<group>"; };
		9720034427F7C76E008D35DD /* RecordCollectionViewCell.swift */ = {isa = PBXFileReference; lastKnownFileType = sourcecode.swift; path = RecordCollectionViewCell.swift; sourceTree = "<group>"; };
		9720034627F7CB59008D35DD /* UIViewExtensions.swift */ = {isa = PBXFileReference; lastKnownFileType = sourcecode.swift; path = UIViewExtensions.swift; sourceTree = "<group>"; };
		9720034827F862CD008D35DD /* CustomLabel.swift */ = {isa = PBXFileReference; lastKnownFileType = sourcecode.swift; path = CustomLabel.swift; sourceTree = "<group>"; };
		9720035027F89643008D35DD /* Network.swift */ = {isa = PBXFileReference; lastKnownFileType = sourcecode.swift; path = Network.swift; sourceTree = "<group>"; };
		9720035527F89DA3008D35DD /* RecordsResponse.swift */ = {isa = PBXFileReference; lastKnownFileType = sourcecode.swift; path = RecordsResponse.swift; sourceTree = "<group>"; };
		9720035727F8BDDC008D35DD /* Record.swift */ = {isa = PBXFileReference; lastKnownFileType = sourcecode.swift; path = Record.swift; sourceTree = "<group>"; };
		9720035927F8BE08008D35DD /* Artist.swift */ = {isa = PBXFileReference; lastKnownFileType = sourcecode.swift; path = Artist.swift; sourceTree = "<group>"; };
		9720035B27F8C3B4008D35DD /* TopRecordsResponse.swift */ = {isa = PBXFileReference; lastKnownFileType = sourcecode.swift; path = TopRecordsResponse.swift; sourceTree = "<group>"; };
		9720035D27F8C48E008D35DD /* RecordImage.swift */ = {isa = PBXFileReference; lastKnownFileType = sourcecode.swift; path = RecordImage.swift; sourceTree = "<group>"; };
		9720035F27FB0ADB008D35DD /* NetworkData.plist */ = {isa = PBXFileReference; lastKnownFileType = text.plist.xml; path = NetworkData.plist; sourceTree = "<group>"; };
		9731724B280E354400E74E14 /* EmptyStateHeaderView.swift */ = {isa = PBXFileReference; lastKnownFileType = sourcecode.swift; path = EmptyStateHeaderView.swift; sourceTree = "<group>"; };
		9731724F280EC42F00E74E14 /* RxExtensions.swift */ = {isa = PBXFileReference; lastKnownFileType = sourcecode.swift; path = RxExtensions.swift; sourceTree = "<group>"; };
		97317253280ECFFB00E74E14 /* RecordsOverviewController.swift */ = {isa = PBXFileReference; lastKnownFileType = sourcecode.swift; path = RecordsOverviewController.swift; sourceTree = "<group>"; };
		97452DA727F6FE6200BBA456 /* last.fm-rewrite-ios.app */ = {isa = PBXFileReference; explicitFileType = wrapper.application; includeInIndex = 0; path = "last.fm-rewrite-ios.app"; sourceTree = BUILT_PRODUCTS_DIR; };
		97452DAA27F6FE6200BBA456 /* AppDelegate.swift */ = {isa = PBXFileReference; lastKnownFileType = sourcecode.swift; path = AppDelegate.swift; sourceTree = "<group>"; };
		97452DAC27F6FE6200BBA456 /* SceneDelegate.swift */ = {isa = PBXFileReference; lastKnownFileType = sourcecode.swift; path = SceneDelegate.swift; sourceTree = "<group>"; };
		97452DB127F6FE6200BBA456 /* Base */ = {isa = PBXFileReference; lastKnownFileType = file.storyboard; name = Base; path = Base.lproj/Main.storyboard; sourceTree = "<group>"; };
		97452DB327F6FE6700BBA456 /* Assets.xcassets */ = {isa = PBXFileReference; lastKnownFileType = folder.assetcatalog; path = Assets.xcassets; sourceTree = "<group>"; };
		97452DB627F6FE6700BBA456 /* Base */ = {isa = PBXFileReference; lastKnownFileType = file.storyboard; name = Base; path = Base.lproj/LaunchScreen.storyboard; sourceTree = "<group>"; };
		97452DB827F6FE6700BBA456 /* Info.plist */ = {isa = PBXFileReference; lastKnownFileType = text.plist.xml; path = Info.plist; sourceTree = "<group>"; };
		97524A6A2800745900D52178 /* RecordInfoView.swift */ = {isa = PBXFileReference; lastKnownFileType = sourcecode.swift; name = RecordInfoView.swift; path = Xibs/RecordInfoView.swift; sourceTree = "<group>"; };
		97524A6C28007D0500D52178 /* StringExtensions.swift */ = {isa = PBXFileReference; lastKnownFileType = sourcecode.swift; path = StringExtensions.swift; sourceTree = "<group>"; };
		97524A702800A5B500D52178 /* FavoritesDataLoader.swift */ = {isa = PBXFileReference; lastKnownFileType = sourcecode.swift; path = FavoritesDataLoader.swift; sourceTree = "<group>"; };
		97524A7228036BB700D52178 /* FavoriteItem.swift */ = {isa = PBXFileReference; lastKnownFileType = sourcecode.swift; path = FavoriteItem.swift; sourceTree = "<group>"; };
		97524A7428039E1600D52178 /* NotificationNameExtensions.swift */ = {isa = PBXFileReference; lastKnownFileType = sourcecode.swift; path = NotificationNameExtensions.swift; sourceTree = "<group>"; };
		97524A7628039FD100D52178 /* UserDefaultsExtensions.swift */ = {isa = PBXFileReference; lastKnownFileType = sourcecode.swift; path = UserDefaultsExtensions.swift; sourceTree = "<group>"; };
		975DF3E027FB482D00350744 /* URLExtensions.swift */ = {isa = PBXFileReference; lastKnownFileType = sourcecode.swift; path = URLExtensions.swift; sourceTree = "<group>"; };
		975DF3E327FB66F600350744 /* BaseDataLoader.swift */ = {isa = PBXFileReference; lastKnownFileType = sourcecode.swift; path = BaseDataLoader.swift; sourceTree = "<group>"; };
		975DF3E527FBAA7100350744 /* RecordDataLoader.swift */ = {isa = PBXFileReference; lastKnownFileType = sourcecode.swift; path = RecordDataLoader.swift; sourceTree = "<group>"; };
		975DF3E727FC5B2500350744 /* LoadingCell.xib */ = {isa = PBXFileReference; lastKnownFileType = file.xib; path = LoadingCell.xib; sourceTree = "<group>"; };
		975DF3E927FC5BEE00350744 /* LoadingCell.swift */ = {isa = PBXFileReference; lastKnownFileType = sourcecode.swift; path = LoadingCell.swift; sourceTree = "<group>"; };
		975DF3EB27FC9A5100350744 /* RecordTag.swift */ = {isa = PBXFileReference; lastKnownFileType = sourcecode.swift; path = RecordTag.swift; sourceTree = "<group>"; };
		975DF3EE27FCA02C00350744 /* Constans.swift */ = {isa = PBXFileReference; lastKnownFileType = sourcecode.swift; path = Constans.swift; sourceTree = "<group>"; };
		975DF3F027FCFE8C00350744 /* CollectionExtensions.swift */ = {isa = PBXFileReference; lastKnownFileType = sourcecode.swift; path = CollectionExtensions.swift; sourceTree = "<group>"; };
		975DF3F227FD086300350744 /* BaseRecordDetailsViewController.swift */ = {isa = PBXFileReference; lastKnownFileType = sourcecode.swift; path = BaseRecordDetailsViewController.swift; sourceTree = "<group>"; };
		975DF3F427FD09E000350744 /* StrechyImageView.swift */ = {isa = PBXFileReference; lastKnownFileType = sourcecode.swift; path = StrechyImageView.swift; sourceTree = "<group>"; };
		975DF3FA27FD96A000350744 /* RecordInfoLabel.swift */ = {isa = PBXFileReference; lastKnownFileType = sourcecode.swift; path = RecordInfoLabel.swift; sourceTree = "<group>"; };
		97C1AE7C27FDB95000B5B637 /* RecordTracksView.xib */ = {isa = PBXFileReference; lastKnownFileType = file.xib; path = RecordTracksView.xib; sourceTree = "<group>"; };
		97C1AE7E27FDD3A300B5B637 /* RecordTracksView.swift */ = {isa = PBXFileReference; lastKnownFileType = sourcecode.swift; path = RecordTracksView.swift; sourceTree = "<group>"; };
		97C1AE8027FE5C9600B5B637 /* RecordInfoView.xib */ = {isa = PBXFileReference; lastKnownFileType = file.xib; path = RecordInfoView.xib; sourceTree = "<group>"; };
		97C1AE8827FF1B0D00B5B637 /* RecordDetailsResponse.swift */ = {isa = PBXFileReference; lastKnownFileType = sourcecode.swift; path = RecordDetailsResponse.swift; sourceTree = "<group>"; };
		97C1AE8A27FF1BA600B5B637 /* RecordDetail.swift */ = {isa = PBXFileReference; lastKnownFileType = sourcecode.swift; path = RecordDetail.swift; sourceTree = "<group>"; };
		97C1AE8C27FF89ED00B5B637 /* RecordDetailsDataLoader.swift */ = {isa = PBXFileReference; lastKnownFileType = sourcecode.swift; path = RecordDetailsDataLoader.swift; sourceTree = "<group>"; };
		97C1AE8E27FF8E9300B5B637 /* RecordDetailsViewController.swift */ = {isa = PBXFileReference; lastKnownFileType = sourcecode.swift; path = RecordDetailsViewController.swift; sourceTree = "<group>"; };
		97C1AE9027FFC46D00B5B637 /* PrimitiveTypeExtensions.swift */ = {isa = PBXFileReference; lastKnownFileType = sourcecode.swift; path = PrimitiveTypeExtensions.swift; sourceTree = "<group>"; };
		97C1AE9227FFC56800B5B637 /* LoadingView.swift */ = {isa = PBXFileReference; lastKnownFileType = sourcecode.swift; path = LoadingView.swift; sourceTree = "<group>"; };
		97E8513B280ED9DB00F5403D /* SearchDataLoader.swift */ = {isa = PBXFileReference; lastKnownFileType = sourcecode.swift; path = SearchDataLoader.swift; sourceTree = "<group>"; };
		97E8514128105EEE00F5403D /* SarchResultsResponse.swift */ = {isa = PBXFileReference; lastKnownFileType = sourcecode.swift; path = SarchResultsResponse.swift; sourceTree = "<group>"; };
		97E8514328106A0700F5403D /* SearchResultCollectionViewCell.swift */ = {isa = PBXFileReference; lastKnownFileType = sourcecode.swift; path = SearchResultCollectionViewCell.swift; sourceTree = "<group>"; };
		97E851472810AF5500F5403D /* SearchResultCollectionViewCell.xib */ = {isa = PBXFileReference; fileEncoding = 4; lastKnownFileType = file.xib; path = SearchResultCollectionViewCell.xib; sourceTree = "<group>"; };
		B99EF20EA60627DF044C2A5A /* Pods-last.fm-rewrite-ios.debug.xcconfig */ = {isa = PBXFileReference; includeInIndex = 1; lastKnownFileType = text.xcconfig; name = "Pods-last.fm-rewrite-ios.debug.xcconfig"; path = "Target Support Files/Pods-last.fm-rewrite-ios/Pods-last.fm-rewrite-ios.debug.xcconfig"; sourceTree = "<group>"; };
		BCE722142C8D99B6F4E4E70E /* Pods-last.fm-rewrite-ios.release.xcconfig */ = {isa = PBXFileReference; includeInIndex = 1; lastKnownFileType = text.xcconfig; name = "Pods-last.fm-rewrite-ios.release.xcconfig"; path = "Target Support Files/Pods-last.fm-rewrite-ios/Pods-last.fm-rewrite-ios.release.xcconfig"; sourceTree = "<group>"; };
/* End PBXFileReference section */

/* Begin PBXFrameworksBuildPhase section */
		97452DA427F6FE6200BBA456 /* Frameworks */ = {
			isa = PBXFrameworksBuildPhase;
			buildActionMask = 2147483647;
			files = (
				43E2F32FF54B61825632A55E /* Pods_last_fm_rewrite_ios.framework in Frameworks */,
			);
			runOnlyForDeploymentPostprocessing = 0;
		};
/* End PBXFrameworksBuildPhase section */

/* Begin PBXGroup section */
		9720034A27F893DC008D35DD /* Controllers */ = {
			isa = PBXGroup;
			children = (
				97524A6F28007FFF00D52178 /* Details */,
				9720032E27F79716008D35DD /* MainTabBarController.swift */,
				97317253280ECFFB00E74E14 /* RecordsOverviewController.swift */,
				9720033227F7B2E5008D35DD /* SearchViewController.swift */,
				9720033427F7B300008D35DD /* FavoritesViewController.swift */,
			);
			path = Controllers;
			sourceTree = "<group>";
		};
		9720034B27F893FB008D35DD /* Extensions */ = {
			isa = PBXGroup;
			children = (
				9720033627F7B3A2008D35DD /* UIViewControllerExtensions.swift */,
				9720034627F7CB59008D35DD /* UIViewExtensions.swift */,
				9716558F27FB15DD00F6180F /* BundleExtensions.swift */,
				975DF3E027FB482D00350744 /* URLExtensions.swift */,
				975DF3F027FCFE8C00350744 /* CollectionExtensions.swift */,
				97C1AE9027FFC46D00B5B637 /* PrimitiveTypeExtensions.swift */,
				97524A6C28007D0500D52178 /* StringExtensions.swift */,
				97524A7428039E1600D52178 /* NotificationNameExtensions.swift */,
				97524A7628039FD100D52178 /* UserDefaultsExtensions.swift */,
				9731724F280EC42F00E74E14 /* RxExtensions.swift */,
			);
			path = Extensions;
			sourceTree = "<group>";
		};
		9720034C27F89412008D35DD /* Views */ = {
			isa = PBXGroup;
			children = (
				97C1AE8727FF165600B5B637 /* CustomViews */,
				97C1AE8227FE5CA100B5B637 /* Xibs */,
				97C1AE7E27FDD3A300B5B637 /* RecordTracksView.swift */,
				975DF3FA27FD96A000350744 /* RecordInfoLabel.swift */,
				97524A6A2800745900D52178 /* RecordInfoView.swift */,
			);
			path = Views;
			sourceTree = "<group>";
		};
		9720034D27F8942F008D35DD /* CollectionViewCells */ = {
			isa = PBXGroup;
			children = (
				9720034227F7C085008D35DD /* RecordCollectionViewCell.xib */,
				9720034427F7C76E008D35DD /* RecordCollectionViewCell.swift */,
				975DF3E727FC5B2500350744 /* LoadingCell.xib */,
				975DF3E927FC5BEE00350744 /* LoadingCell.swift */,
				971715A8280E0A1F00D46566 /* FavoriteRecordCollectionViewCell.xib */,
				971715AA280E0B8A00D46566 /* FavoriteRecordCollectionViewCell.swift */,
				97E851472810AF5500F5403D /* SearchResultCollectionViewCell.xib */,
				97E8514328106A0700F5403D /* SearchResultCollectionViewCell.swift */,
			);
			path = CollectionViewCells;
			sourceTree = "<group>";
		};
		9720034E27F8944E008D35DD /* Supporting Files */ = {
			isa = PBXGroup;
			children = (
				9720033E27F7B869008D35DD /* ColorTheme.swift */,
				975DF3EE27FCA02C00350744 /* Constans.swift */,
			);
			path = "Supporting Files";
			sourceTree = "<group>";
		};
		9720034F27F8962C008D35DD /* Network */ = {
			isa = PBXGroup;
			children = (
				9720035027F89643008D35DD /* Network.swift */,
				9720035527F89DA3008D35DD /* RecordsResponse.swift */,
				9720035B27F8C3B4008D35DD /* TopRecordsResponse.swift */,
				97C1AE8827FF1B0D00B5B637 /* RecordDetailsResponse.swift */,
				97E8514128105EEE00F5403D /* SarchResultsResponse.swift */,
				9720035F27FB0ADB008D35DD /* NetworkData.plist */,
			);
			path = Network;
			sourceTree = "<group>";
		};
		9720035427F89D97008D35DD /* Models */ = {
			isa = PBXGroup;
			children = (
				9720035727F8BDDC008D35DD /* Record.swift */,
				9720035927F8BE08008D35DD /* Artist.swift */,
				9720035D27F8C48E008D35DD /* RecordImage.swift */,
				975DF3EB27FC9A5100350744 /* RecordTag.swift */,
				97C1AE8A27FF1BA600B5B637 /* RecordDetail.swift */,
				97524A7228036BB700D52178 /* FavoriteItem.swift */,
			);
			path = Models;
			sourceTree = "<group>";
		};
		97452D9E27F6FE6200BBA456 = {
			isa = PBXGroup;
			children = (
				97452DA927F6FE6200BBA456 /* last.fm-rewrite-ios */,
				97452DA827F6FE6200BBA456 /* Products */,
				BFA910C16A3179831CF2D554 /* Pods */,
				988D1D121BA65F44B832A9C2 /* Frameworks */,
			);
			sourceTree = "<group>";
		};
		97452DA827F6FE6200BBA456 /* Products */ = {
			isa = PBXGroup;
			children = (
				97452DA727F6FE6200BBA456 /* last.fm-rewrite-ios.app */,
			);
			name = Products;
			sourceTree = "<group>";
		};
		97452DA927F6FE6200BBA456 /* last.fm-rewrite-ios */ = {
			isa = PBXGroup;
			children = (
				975DF3E227FB66B700350744 /* DataLoaders */,
				97524A6E28007FDA00D52178 /* BaseControllers */,
				9720035427F89D97008D35DD /* Models */,
				9720034F27F8962C008D35DD /* Network */,
				9720034E27F8944E008D35DD /* Supporting Files */,
				9720034D27F8942F008D35DD /* CollectionViewCells */,
				9720034C27F89412008D35DD /* Views */,
				9720034B27F893FB008D35DD /* Extensions */,
				9720034A27F893DC008D35DD /* Controllers */,
				97452DAA27F6FE6200BBA456 /* AppDelegate.swift */,
				97452DAC27F6FE6200BBA456 /* SceneDelegate.swift */,
				97452DB027F6FE6200BBA456 /* Main.storyboard */,
				97452DB327F6FE6700BBA456 /* Assets.xcassets */,
				9720033C27F7B7B5008D35DD /* Colors.xcassets */,
				97452DB527F6FE6700BBA456 /* LaunchScreen.storyboard */,
				97452DB827F6FE6700BBA456 /* Info.plist */,
			);
			path = "last.fm-rewrite-ios";
			sourceTree = "<group>";
		};
		97524A6E28007FDA00D52178 /* BaseControllers */ = {
			isa = PBXGroup;
			children = (
				9720032C27F796F4008D35DD /* BaseViewController.swift */,
				975DF3F227FD086300350744 /* BaseRecordDetailsViewController.swift */,
			);
			path = BaseControllers;
			sourceTree = "<group>";
		};
		97524A6F28007FFF00D52178 /* Details */ = {
			isa = PBXGroup;
			children = (
				97C1AE8E27FF8E9300B5B637 /* RecordDetailsViewController.swift */,
			);
			path = Details;
			sourceTree = "<group>";
		};
		975DF3E227FB66B700350744 /* DataLoaders */ = {
			isa = PBXGroup;
			children = (
				975DF3E327FB66F600350744 /* BaseDataLoader.swift */,
				975DF3E527FBAA7100350744 /* RecordDataLoader.swift */,
				97C1AE8C27FF89ED00B5B637 /* RecordDetailsDataLoader.swift */,
				97524A702800A5B500D52178 /* FavoritesDataLoader.swift */,
				97E8513B280ED9DB00F5403D /* SearchDataLoader.swift */,
			);
			path = DataLoaders;
			sourceTree = "<group>";
		};
		97C1AE8227FE5CA100B5B637 /* Xibs */ = {
			isa = PBXGroup;
			children = (
				97C1AE8027FE5C9600B5B637 /* RecordInfoView.xib */,
				97C1AE7C27FDB95000B5B637 /* RecordTracksView.xib */,
			);
			path = Xibs;
			sourceTree = "<group>";
		};
		97C1AE8727FF165600B5B637 /* CustomViews */ = {
			isa = PBXGroup;
			children = (
				975DF3F427FD09E000350744 /* StrechyImageView.swift */,
				9720034827F862CD008D35DD /* CustomLabel.swift */,
				9720034027F7BE2D008D35DD /* ShadowView.swift */,
				97C1AE9227FFC56800B5B637 /* LoadingView.swift */,
				9731724B280E354400E74E14 /* EmptyStateHeaderView.swift */,
			);
			path = CustomViews;
			sourceTree = "<group>";
		};
		988D1D121BA65F44B832A9C2 /* Frameworks */ = {
			isa = PBXGroup;
			children = (
				07016D8C72FA006695A08B65 /* Pods_last_fm_rewrite_ios.framework */,
			);
			name = Frameworks;
			sourceTree = "<group>";
		};
		BFA910C16A3179831CF2D554 /* Pods */ = {
			isa = PBXGroup;
			children = (
				B99EF20EA60627DF044C2A5A /* Pods-last.fm-rewrite-ios.debug.xcconfig */,
				BCE722142C8D99B6F4E4E70E /* Pods-last.fm-rewrite-ios.release.xcconfig */,
			);
			path = Pods;
			sourceTree = "<group>";
		};
/* End PBXGroup section */

/* Begin PBXNativeTarget section */
		97452DA627F6FE6200BBA456 /* last.fm-rewrite-ios */ = {
			isa = PBXNativeTarget;
			buildConfigurationList = 97452DBB27F6FE6700BBA456 /* Build configuration list for PBXNativeTarget "last.fm-rewrite-ios" */;
			buildPhases = (
				7E661E34402F84EA64517DAE /* [CP] Check Pods Manifest.lock */,
				97452DA327F6FE6200BBA456 /* Sources */,
				97452DA427F6FE6200BBA456 /* Frameworks */,
				97452DA527F6FE6200BBA456 /* Resources */,
				55B54C9AE73D5DE99F78A27A /* [CP] Embed Pods Frameworks */,
			);
			buildRules = (
			);
			dependencies = (
			);
			name = "last.fm-rewrite-ios";
			productName = "last.fm-rewrite-ios";
			productReference = 97452DA727F6FE6200BBA456 /* last.fm-rewrite-ios.app */;
			productType = "com.apple.product-type.application";
		};
/* End PBXNativeTarget section */

/* Begin PBXProject section */
		97452D9F27F6FE6200BBA456 /* Project object */ = {
			isa = PBXProject;
			attributes = {
				BuildIndependentTargetsInParallel = 1;
				LastSwiftUpdateCheck = 1320;
				LastUpgradeCheck = 1320;
				TargetAttributes = {
					97452DA627F6FE6200BBA456 = {
						CreatedOnToolsVersion = 13.2.1;
					};
				};
			};
			buildConfigurationList = 97452DA227F6FE6200BBA456 /* Build configuration list for PBXProject "last.fm-rewrite-ios" */;
			compatibilityVersion = "Xcode 13.0";
			developmentRegion = en;
			hasScannedForEncodings = 0;
			knownRegions = (
				en,
				Base,
			);
			mainGroup = 97452D9E27F6FE6200BBA456;
			productRefGroup = 97452DA827F6FE6200BBA456 /* Products */;
			projectDirPath = "";
			projectRoot = "";
			targets = (
				97452DA627F6FE6200BBA456 /* last.fm-rewrite-ios */,
			);
		};
/* End PBXProject section */

/* Begin PBXResourcesBuildPhase section */
		97452DA527F6FE6200BBA456 /* Resources */ = {
			isa = PBXResourcesBuildPhase;
			buildActionMask = 2147483647;
			files = (
				975DF3E827FC5B2500350744 /* LoadingCell.xib in Resources */,
				97452DB727F6FE6700BBA456 /* LaunchScreen.storyboard in Resources */,
				9720033D27F7B7B5008D35DD /* Colors.xcassets in Resources */,
				97452DB427F6FE6700BBA456 /* Assets.xcassets in Resources */,
				97C1AE7D27FDB95000B5B637 /* RecordTracksView.xib in Resources */,
				97E851482810AF5500F5403D /* SearchResultCollectionViewCell.xib in Resources */,
				971715A9280E0A1F00D46566 /* FavoriteRecordCollectionViewCell.xib in Resources */,
				97C1AE8127FE5C9600B5B637 /* RecordInfoView.xib in Resources */,
				9720036027FB0ADB008D35DD /* NetworkData.plist in Resources */,
				97452DB227F6FE6200BBA456 /* Main.storyboard in Resources */,
				9720034327F7C085008D35DD /* RecordCollectionViewCell.xib in Resources */,
			);
			runOnlyForDeploymentPostprocessing = 0;
		};
/* End PBXResourcesBuildPhase section */

/* Begin PBXShellScriptBuildPhase section */
		55B54C9AE73D5DE99F78A27A /* [CP] Embed Pods Frameworks */ = {
			isa = PBXShellScriptBuildPhase;
			buildActionMask = 2147483647;
			files = (
			);
			inputFileListPaths = (
				"${PODS_ROOT}/Target Support Files/Pods-last.fm-rewrite-ios/Pods-last.fm-rewrite-ios-frameworks-${CONFIGURATION}-input-files.xcfilelist",
			);
			name = "[CP] Embed Pods Frameworks";
			outputFileListPaths = (
				"${PODS_ROOT}/Target Support Files/Pods-last.fm-rewrite-ios/Pods-last.fm-rewrite-ios-frameworks-${CONFIGURATION}-output-files.xcfilelist",
			);
			runOnlyForDeploymentPostprocessing = 0;
			shellPath = /bin/sh;
			shellScript = "\"${PODS_ROOT}/Target Support Files/Pods-last.fm-rewrite-ios/Pods-last.fm-rewrite-ios-frameworks.sh\"\n";
			showEnvVarsInLog = 0;
		};
		7E661E34402F84EA64517DAE /* [CP] Check Pods Manifest.lock */ = {
			isa = PBXShellScriptBuildPhase;
			buildActionMask = 2147483647;
			files = (
			);
			inputFileListPaths = (
			);
			inputPaths = (
				"${PODS_PODFILE_DIR_PATH}/Podfile.lock",
				"${PODS_ROOT}/Manifest.lock",
			);
			name = "[CP] Check Pods Manifest.lock";
			outputFileListPaths = (
			);
			outputPaths = (
				"$(DERIVED_FILE_DIR)/Pods-last.fm-rewrite-ios-checkManifestLockResult.txt",
			);
			runOnlyForDeploymentPostprocessing = 0;
			shellPath = /bin/sh;
			shellScript = "diff \"${PODS_PODFILE_DIR_PATH}/Podfile.lock\" \"${PODS_ROOT}/Manifest.lock\" > /dev/null\nif [ $? != 0 ] ; then\n    # print error to STDERR\n    echo \"error: The sandbox is not in sync with the Podfile.lock. Run 'pod install' or update your CocoaPods installation.\" >&2\n    exit 1\nfi\n# This output is used by Xcode 'outputs' to avoid re-running this script phase.\necho \"SUCCESS\" > \"${SCRIPT_OUTPUT_FILE_0}\"\n";
			showEnvVarsInLog = 0;
		};
/* End PBXShellScriptBuildPhase section */

/* Begin PBXSourcesBuildPhase section */
		97452DA327F6FE6200BBA456 /* Sources */ = {
			isa = PBXSourcesBuildPhase;
			buildActionMask = 2147483647;
			files = (
				97524A6B2800745900D52178 /* RecordInfoView.swift in Sources */,
				97C1AE9127FFC46E00B5B637 /* PrimitiveTypeExtensions.swift in Sources */,
				9720033F27F7B869008D35DD /* ColorTheme.swift in Sources */,
				97C1AE7F27FDD3A300B5B637 /* RecordTracksView.swift in Sources */,
				9720033327F7B2E5008D35DD /* SearchViewController.swift in Sources */,
				9720033527F7B300008D35DD /* FavoritesViewController.swift in Sources */,
				97C1AE8927FF1B0D00B5B637 /* RecordDetailsResponse.swift in Sources */,
				97E8514228105EEE00F5403D /* SarchResultsResponse.swift in Sources */,
				97524A712800A5B500D52178 /* FavoritesDataLoader.swift in Sources */,
				975DF3F327FD086300350744 /* BaseRecordDetailsViewController.swift in Sources */,
				97C1AE8D27FF89EE00B5B637 /* RecordDetailsDataLoader.swift in Sources */,
				975DF3F127FCFE8D00350744 /* CollectionExtensions.swift in Sources */,
				9720034127F7BE2D008D35DD /* ShadowView.swift in Sources */,
				9720033727F7B3A2008D35DD /* UIViewControllerExtensions.swift in Sources */,
				975DF3EF27FCA02C00350744 /* Constans.swift in Sources */,
				9720035827F8BDDC008D35DD /* Record.swift in Sources */,
				9731724C280E354400E74E14 /* EmptyStateHeaderView.swift in Sources */,
				97E8513C280ED9DB00F5403D /* SearchDataLoader.swift in Sources */,
				975DF3E627FBAA7100350744 /* RecordDataLoader.swift in Sources */,
				97524A7728039FD100D52178 /* UserDefaultsExtensions.swift in Sources */,
				975DF3E427FB66F600350744 /* BaseDataLoader.swift in Sources */,
				975DF3FB27FD96A000350744 /* RecordInfoLabel.swift in Sources */,
				97C1AE9327FFC56800B5B637 /* LoadingView.swift in Sources */,
				975DF3E127FB482D00350744 /* URLExtensions.swift in Sources */,
				9720035E27F8C48E008D35DD /* RecordImage.swift in Sources */,
				97E8514428106A0700F5403D /* SearchResultCollectionViewCell.swift in Sources */,
				97C1AE8B27FF1BA700B5B637 /* RecordDetail.swift in Sources */,
				97524A7328036BB700D52178 /* FavoriteItem.swift in Sources */,
				97524A7528039E1600D52178 /* NotificationNameExtensions.swift in Sources */,
				975DF3F527FD09E000350744 /* StrechyImageView.swift in Sources */,
				9720035627F89DA3008D35DD /* RecordsResponse.swift in Sources */,
				97524A6D28007D0500D52178 /* StringExtensions.swift in Sources */,
				9720032D27F796F4008D35DD /* BaseViewController.swift in Sources */,
				9720032F27F79716008D35DD /* MainTabBarController.swift in Sources */,
				9720034527F7C76E008D35DD /* RecordCollectionViewCell.swift in Sources */,
				9720035C27F8C3B4008D35DD /* TopRecordsResponse.swift in Sources */,
				9720034927F862CD008D35DD /* CustomLabel.swift in Sources */,
				97452DAB27F6FE6200BBA456 /* AppDelegate.swift in Sources */,
				971715AB280E0B8A00D46566 /* FavoriteRecordCollectionViewCell.swift in Sources */,
				97C1AE8F27FF8E9300B5B637 /* RecordDetailsViewController.swift in Sources */,
				975DF3EA27FC5BEE00350744 /* LoadingCell.swift in Sources */,
				9720035127F89643008D35DD /* Network.swift in Sources */,
				975DF3EC27FC9A5100350744 /* RecordTag.swift in Sources */,
				9720035A27F8BE08008D35DD /* Artist.swift in Sources */,
				97317250280EC42F00E74E14 /* RxExtensions.swift in Sources */,
				97317254280ECFFB00E74E14 /* RecordsOverviewController.swift in Sources */,
				9720034727F7CB59008D35DD /* UIViewExtensions.swift in Sources */,
				97452DAD27F6FE6200BBA456 /* SceneDelegate.swift in Sources */,
				9716559027FB15DE00F6180F /* BundleExtensions.swift in Sources */,
			);
			runOnlyForDeploymentPostprocessing = 0;
		};
/* End PBXSourcesBuildPhase section */

/* Begin PBXVariantGroup section */
		97452DB027F6FE6200BBA456 /* Main.storyboard */ = {
			isa = PBXVariantGroup;
			children = (
				97452DB127F6FE6200BBA456 /* Base */,
			);
			name = Main.storyboard;
			sourceTree = "<group>";
		};
		97452DB527F6FE6700BBA456 /* LaunchScreen.storyboard */ = {
			isa = PBXVariantGroup;
			children = (
				97452DB627F6FE6700BBA456 /* Base */,
			);
			name = LaunchScreen.storyboard;
			sourceTree = "<group>";
		};
/* End PBXVariantGroup section */

/* Begin XCBuildConfiguration section */
		97452DB927F6FE6700BBA456 /* Debug */ = {
			isa = XCBuildConfiguration;
			buildSettings = {
				ALWAYS_SEARCH_USER_PATHS = NO;
				CLANG_ANALYZER_NONNULL = YES;
				CLANG_ANALYZER_NUMBER_OBJECT_CONVERSION = YES_AGGRESSIVE;
				CLANG_CXX_LANGUAGE_STANDARD = "gnu++17";
				CLANG_CXX_LIBRARY = "libc++";
				CLANG_ENABLE_MODULES = YES;
				CLANG_ENABLE_OBJC_ARC = YES;
				CLANG_ENABLE_OBJC_WEAK = YES;
				CLANG_WARN_BLOCK_CAPTURE_AUTORELEASING = YES;
				CLANG_WARN_BOOL_CONVERSION = YES;
				CLANG_WARN_COMMA = YES;
				CLANG_WARN_CONSTANT_CONVERSION = YES;
				CLANG_WARN_DEPRECATED_OBJC_IMPLEMENTATIONS = YES;
				CLANG_WARN_DIRECT_OBJC_ISA_USAGE = YES_ERROR;
				CLANG_WARN_DOCUMENTATION_COMMENTS = YES;
				CLANG_WARN_EMPTY_BODY = YES;
				CLANG_WARN_ENUM_CONVERSION = YES;
				CLANG_WARN_INFINITE_RECURSION = YES;
				CLANG_WARN_INT_CONVERSION = YES;
				CLANG_WARN_NON_LITERAL_NULL_CONVERSION = YES;
				CLANG_WARN_OBJC_IMPLICIT_RETAIN_SELF = YES;
				CLANG_WARN_OBJC_LITERAL_CONVERSION = YES;
				CLANG_WARN_OBJC_ROOT_CLASS = YES_ERROR;
				CLANG_WARN_QUOTED_INCLUDE_IN_FRAMEWORK_HEADER = YES;
				CLANG_WARN_RANGE_LOOP_ANALYSIS = YES;
				CLANG_WARN_STRICT_PROTOTYPES = YES;
				CLANG_WARN_SUSPICIOUS_MOVE = YES;
				CLANG_WARN_UNGUARDED_AVAILABILITY = YES_AGGRESSIVE;
				CLANG_WARN_UNREACHABLE_CODE = YES;
				CLANG_WARN__DUPLICATE_METHOD_MATCH = YES;
				COPY_PHASE_STRIP = NO;
				DEBUG_INFORMATION_FORMAT = dwarf;
				ENABLE_STRICT_OBJC_MSGSEND = YES;
				ENABLE_TESTABILITY = YES;
				GCC_C_LANGUAGE_STANDARD = gnu11;
				GCC_DYNAMIC_NO_PIC = NO;
				GCC_NO_COMMON_BLOCKS = YES;
				GCC_OPTIMIZATION_LEVEL = 0;
				GCC_PREPROCESSOR_DEFINITIONS = (
					"DEBUG=1",
					"$(inherited)",
				);
				GCC_WARN_64_TO_32_BIT_CONVERSION = YES;
				GCC_WARN_ABOUT_RETURN_TYPE = YES_ERROR;
				GCC_WARN_UNDECLARED_SELECTOR = YES;
				GCC_WARN_UNINITIALIZED_AUTOS = YES_AGGRESSIVE;
				GCC_WARN_UNUSED_FUNCTION = YES;
				GCC_WARN_UNUSED_VARIABLE = YES;
				IPHONEOS_DEPLOYMENT_TARGET = 15.2;
				MTL_ENABLE_DEBUG_INFO = INCLUDE_SOURCE;
				MTL_FAST_MATH = YES;
				ONLY_ACTIVE_ARCH = YES;
				SDKROOT = iphoneos;
				SWIFT_ACTIVE_COMPILATION_CONDITIONS = DEBUG;
				SWIFT_OPTIMIZATION_LEVEL = "-Onone";
			};
			name = Debug;
		};
		97452DBA27F6FE6700BBA456 /* Release */ = {
			isa = XCBuildConfiguration;
			buildSettings = {
				ALWAYS_SEARCH_USER_PATHS = NO;
				CLANG_ANALYZER_NONNULL = YES;
				CLANG_ANALYZER_NUMBER_OBJECT_CONVERSION = YES_AGGRESSIVE;
				CLANG_CXX_LANGUAGE_STANDARD = "gnu++17";
				CLANG_CXX_LIBRARY = "libc++";
				CLANG_ENABLE_MODULES = YES;
				CLANG_ENABLE_OBJC_ARC = YES;
				CLANG_ENABLE_OBJC_WEAK = YES;
				CLANG_WARN_BLOCK_CAPTURE_AUTORELEASING = YES;
				CLANG_WARN_BOOL_CONVERSION = YES;
				CLANG_WARN_COMMA = YES;
				CLANG_WARN_CONSTANT_CONVERSION = YES;
				CLANG_WARN_DEPRECATED_OBJC_IMPLEMENTATIONS = YES;
				CLANG_WARN_DIRECT_OBJC_ISA_USAGE = YES_ERROR;
				CLANG_WARN_DOCUMENTATION_COMMENTS = YES;
				CLANG_WARN_EMPTY_BODY = YES;
				CLANG_WARN_ENUM_CONVERSION = YES;
				CLANG_WARN_INFINITE_RECURSION = YES;
				CLANG_WARN_INT_CONVERSION = YES;
				CLANG_WARN_NON_LITERAL_NULL_CONVERSION = YES;
				CLANG_WARN_OBJC_IMPLICIT_RETAIN_SELF = YES;
				CLANG_WARN_OBJC_LITERAL_CONVERSION = YES;
				CLANG_WARN_OBJC_ROOT_CLASS = YES_ERROR;
				CLANG_WARN_QUOTED_INCLUDE_IN_FRAMEWORK_HEADER = YES;
				CLANG_WARN_RANGE_LOOP_ANALYSIS = YES;
				CLANG_WARN_STRICT_PROTOTYPES = YES;
				CLANG_WARN_SUSPICIOUS_MOVE = YES;
				CLANG_WARN_UNGUARDED_AVAILABILITY = YES_AGGRESSIVE;
				CLANG_WARN_UNREACHABLE_CODE = YES;
				CLANG_WARN__DUPLICATE_METHOD_MATCH = YES;
				COPY_PHASE_STRIP = NO;
				DEBUG_INFORMATION_FORMAT = "dwarf-with-dsym";
				ENABLE_NS_ASSERTIONS = NO;
				ENABLE_STRICT_OBJC_MSGSEND = YES;
				GCC_C_LANGUAGE_STANDARD = gnu11;
				GCC_NO_COMMON_BLOCKS = YES;
				GCC_WARN_64_TO_32_BIT_CONVERSION = YES;
				GCC_WARN_ABOUT_RETURN_TYPE = YES_ERROR;
				GCC_WARN_UNDECLARED_SELECTOR = YES;
				GCC_WARN_UNINITIALIZED_AUTOS = YES_AGGRESSIVE;
				GCC_WARN_UNUSED_FUNCTION = YES;
				GCC_WARN_UNUSED_VARIABLE = YES;
				IPHONEOS_DEPLOYMENT_TARGET = 15.2;
				MTL_ENABLE_DEBUG_INFO = NO;
				MTL_FAST_MATH = YES;
				SDKROOT = iphoneos;
				SWIFT_COMPILATION_MODE = wholemodule;
				SWIFT_OPTIMIZATION_LEVEL = "-O";
				VALIDATE_PRODUCT = YES;
			};
			name = Release;
		};
		97452DBC27F6FE6700BBA456 /* Debug */ = {
			isa = XCBuildConfiguration;
			baseConfigurationReference = B99EF20EA60627DF044C2A5A /* Pods-last.fm-rewrite-ios.debug.xcconfig */;
			buildSettings = {
				ASSETCATALOG_COMPILER_APPICON_NAME = AppIcon;
				ASSETCATALOG_COMPILER_GLOBAL_ACCENT_COLOR_NAME = AccentColor;
				CODE_SIGN_STYLE = Automatic;
				CURRENT_PROJECT_VERSION = 1;
				DEVELOPMENT_TEAM = VZF9RCF35Y;
				GENERATE_INFOPLIST_FILE = YES;
				INFOPLIST_FILE = "last.fm-rewrite-ios/Info.plist";
				INFOPLIST_KEY_UIApplicationSupportsIndirectInputEvents = YES;
				INFOPLIST_KEY_UILaunchStoryboardName = LaunchScreen;
				INFOPLIST_KEY_UIMainStoryboardFile = Main;
				INFOPLIST_KEY_UISupportedInterfaceOrientations_iPad = "UIInterfaceOrientationPortrait UIInterfaceOrientationPortraitUpsideDown UIInterfaceOrientationLandscapeLeft UIInterfaceOrientationLandscapeRight";
				INFOPLIST_KEY_UISupportedInterfaceOrientations_iPhone = "UIInterfaceOrientationPortrait UIInterfaceOrientationLandscapeLeft UIInterfaceOrientationLandscapeRight";
				LD_RUNPATH_SEARCH_PATHS = (
					"$(inherited)",
					"@executable_path/Frameworks",
				);
				MARKETING_VERSION = 1.0;
				PRODUCT_BUNDLE_IDENTIFIER = "last.fm-rewrite-ios.last-fm-rewrite-ios";
				PRODUCT_NAME = "$(TARGET_NAME)";
				SWIFT_EMIT_LOC_STRINGS = YES;
				SWIFT_VERSION = 5.0;
				TARGETED_DEVICE_FAMILY = "1,2";
			};
			name = Debug;
		};
		97452DBD27F6FE6700BBA456 /* Release */ = {
			isa = XCBuildConfiguration;
			baseConfigurationReference = BCE722142C8D99B6F4E4E70E /* Pods-last.fm-rewrite-ios.release.xcconfig */;
			buildSettings = {
				ASSETCATALOG_COMPILER_APPICON_NAME = AppIcon;
				ASSETCATALOG_COMPILER_GLOBAL_ACCENT_COLOR_NAME = AccentColor;
				CODE_SIGN_STYLE = Automatic;
				CURRENT_PROJECT_VERSION = 1;
				DEVELOPMENT_TEAM = VZF9RCF35Y;
				GENERATE_INFOPLIST_FILE = YES;
				INFOPLIST_FILE = "last.fm-rewrite-ios/Info.plist";
				INFOPLIST_KEY_UIApplicationSupportsIndirectInputEvents = YES;
				INFOPLIST_KEY_UILaunchStoryboardName = LaunchScreen;
				INFOPLIST_KEY_UIMainStoryboardFile = Main;
				INFOPLIST_KEY_UISupportedInterfaceOrientations_iPad = "UIInterfaceOrientationPortrait UIInterfaceOrientationPortraitUpsideDown UIInterfaceOrientationLandscapeLeft UIInterfaceOrientationLandscapeRight";
				INFOPLIST_KEY_UISupportedInterfaceOrientations_iPhone = "UIInterfaceOrientationPortrait UIInterfaceOrientationLandscapeLeft UIInterfaceOrientationLandscapeRight";
				LD_RUNPATH_SEARCH_PATHS = (
					"$(inherited)",
					"@executable_path/Frameworks",
				);
				MARKETING_VERSION = 1.0;
				PRODUCT_BUNDLE_IDENTIFIER = "last.fm-rewrite-ios.last-fm-rewrite-ios";
				PRODUCT_NAME = "$(TARGET_NAME)";
				SWIFT_EMIT_LOC_STRINGS = YES;
				SWIFT_VERSION = 5.0;
				TARGETED_DEVICE_FAMILY = "1,2";
			};
			name = Release;
		};
/* End XCBuildConfiguration section */

/* Begin XCConfigurationList section */
		97452DA227F6FE6200BBA456 /* Build configuration list for PBXProject "last.fm-rewrite-ios" */ = {
			isa = XCConfigurationList;
			buildConfigurations = (
				97452DB927F6FE6700BBA456 /* Debug */,
				97452DBA27F6FE6700BBA456 /* Release */,
			);
			defaultConfigurationIsVisible = 0;
			defaultConfigurationName = Release;
		};
		97452DBB27F6FE6700BBA456 /* Build configuration list for PBXNativeTarget "last.fm-rewrite-ios" */ = {
			isa = XCConfigurationList;
			buildConfigurations = (
				97452DBC27F6FE6700BBA456 /* Debug */,
				97452DBD27F6FE6700BBA456 /* Release */,
			);
			defaultConfigurationIsVisible = 0;
			defaultConfigurationName = Release;
		};
/* End XCConfigurationList section */
	};
	rootObject = 97452D9F27F6FE6200BBA456 /* Project object */;
}
